
Microsoft Visual Studio Solution File, Format Version 12.00
# Visual Studio Version 17
VisualStudioVersion = 17.4.33213.308
MinimumVisualStudioVersion = 10.0.40219.1
Project("{FAE04EC0-301F-11D3-BF4B-00C04F79EFBC}") = "RevitAPITrainingImage", "RevitAPITrainingImage\RevitAPITrainingImage.csproj", "{89B93D3C-1449-4698-A6AE-5CDD476A5C45}"
EndProject
Global
	GlobalSection(SolutionConfigurationPlatforms) = preSolution
		Debug|Any CPU = Debug|Any CPU
		Release|Any CPU = Release|Any CPU
	EndGlobalSection
	GlobalSection(ProjectConfigurationPlatforms) = postSolution
		{89B93D3C-1449-4698-A6AE-5CDD476A5C45}.Debug|Any CPU.ActiveCfg = Debug|Any CPU
		{89B93D3C-1449-4698-A6AE-5CDD476A5C45}.Debug|Any CPU.Build.0 = Debug|Any CPU
		{89B93D3C-1449-4698-A6AE-5CDD476A5C45}.Release|Any CPU.ActiveCfg = Release|Any CPU
		{89B93D3C-1449-4698-A6AE-5CDD476A5C45}.Release|Any CPU.Build.0 = Release|Any CPU
	EndGlobalSection
	GlobalSection(SolutionProperties) = preSolution
		HideSolutionNode = FALSE
	EndGlobalSection
	GlobalSection(ExtensibilityGlobals) = postSolution
		SolutionGuid = {F2D665DD-2611-4B40-9D61-A3CDB64526BE}
	EndGlobalSection
EndGlobal
